
Microsoft Visual Studio Solution File, Format Version 10.00
# Visual Studio 2008
Project("{8BC9CEB8-8B4A-11D0-8D11-00A0C91BC942}") = "No8_8_5", "No8_8_5\No8_8_5.vcproj", "{C381A68A-5A51-4B9C-8910-2504B1AA7585}"
EndProject
Global
	GlobalSection(SolutionConfigurationPlatforms) = preSolution
		Debug|Win32 = Debug|Win32
		Release|Win32 = Release|Win32
	EndGlobalSection
	GlobalSection(ProjectConfigurationPlatforms) = postSolution
		{C381A68A-5A51-4B9C-8910-2504B1AA7585}.Debug|Win32.ActiveCfg = Debug|Win32
		{C381A68A-5A51-4B9C-8910-2504B1AA7585}.Debug|Win32.Build.0 = Debug|Win32
		{C381A68A-5A51-4B9C-8910-2504B1AA7585}.Release|Win32.ActiveCfg = Release|Win32
		{C381A68A-5A51-4B9C-8910-2504B1AA7585}.Release|Win32.Build.0 = Release|Win32
	EndGlobalSection
	GlobalSection(SolutionProperties) = preSolution
		HideSolutionNode = FALSE
	EndGlobalSection
EndGlobal
